
Microsoft Visual Studio Solution File, Format Version 11.00
# Visual Studio 2010
Project("{FAE04EC0-301F-11D3-BF4B-00C04F79EFBC}") = "NpShowcase.Infrastructure.Console", "NpShowcase.Infrastructure.Console\NpShowcase.Infrastructure.Console.csproj", "{311967D2-B23C-4E95-A7A2-69433F5964C4}"
EndProject
Project("{2150E333-8FDC-42A3-9474-1A3956D46DE8}") = "Solution Items", "Solution Items", "{58248560-9995-48B0-B336-2235FFF5ADC1}"
	ProjectSection(SolutionItems) = preProject
		pom.xml = pom.xml
	EndProjectSection
EndProject
Global
	GlobalSection(SolutionConfigurationPlatforms) = preSolution
		Debug|Any CPU = Debug|Any CPU
		Release|Any CPU = Release|Any CPU
	EndGlobalSection
	GlobalSection(ProjectConfigurationPlatforms) = postSolution
		{311967D2-B23C-4E95-A7A2-69433F5964C4}.Debug|Any CPU.ActiveCfg = Debug|Any CPU
		{311967D2-B23C-4E95-A7A2-69433F5964C4}.Debug|Any CPU.Build.0 = Debug|Any CPU
		{311967D2-B23C-4E95-A7A2-69433F5964C4}.Release|Any CPU.ActiveCfg = Release|Any CPU
		{311967D2-B23C-4E95-A7A2-69433F5964C4}.Release|Any CPU.Build.0 = Release|Any CPU
	EndGlobalSection
	GlobalSection(SolutionProperties) = preSolution
		HideSolutionNode = FALSE
	EndGlobalSection
EndGlobal
